// !$*UTF8*$!
{
	archiveVersion = 1;
	classes = {
	};
	objectVersion = 56;
	objects = {

/* Begin PBXBuildFile section */
		CC2A887C29EB5AE000ABEB66 /* GitHub_cloneApp.swift in Sources */ = {isa = PBXBuildFile; fileRef = CC2A887B29EB5AE000ABEB66 /* GitHub_cloneApp.swift */; };
		CC2A887E29EB5AE000ABEB66 /* ContentView.swift in Sources */ = {isa = PBXBuildFile; fileRef = CC2A887D29EB5AE000ABEB66 /* ContentView.swift */; };
		CC2A888029EB5AE200ABEB66 /* Assets.xcassets in Resources */ = {isa = PBXBuildFile; fileRef = CC2A887F29EB5AE200ABEB66 /* Assets.xcassets */; };
		CC2A888329EB5AE200ABEB66 /* Preview Assets.xcassets in Resources */ = {isa = PBXBuildFile; fileRef = CC2A888229EB5AE200ABEB66 /* Preview Assets.xcassets */; };
		CC2A888D29EB5AE200ABEB66 /* GitHub_cloneTests.swift in Sources */ = {isa = PBXBuildFile; fileRef = CC2A888C29EB5AE200ABEB66 /* GitHub_cloneTests.swift */; };
		CC2A889729EB5AE200ABEB66 /* GitHub_cloneUITests.swift in Sources */ = {isa = PBXBuildFile; fileRef = CC2A889629EB5AE200ABEB66 /* GitHub_cloneUITests.swift */; };
		CC2A889929EB5AE200ABEB66 /* GitHub_cloneUITestsLaunchTests.swift in Sources */ = {isa = PBXBuildFile; fileRef = CC2A889829EB5AE200ABEB66 /* GitHub_cloneUITestsLaunchTests.swift */; };
/* End PBXBuildFile section */

/* Begin PBXContainerItemProxy section */
		CC2A888929EB5AE200ABEB66 /* PBXContainerItemProxy */ = {
			isa = PBXContainerItemProxy;
			containerPortal = CC2A887029EB5AE000ABEB66 /* Project object */;
			proxyType = 1;
			remoteGlobalIDString = CC2A887729EB5AE000ABEB66;
			remoteInfo = "GitHub clone";
		};
		CC2A889329EB5AE200ABEB66 /* PBXContainerItemProxy */ = {
			isa = PBXContainerItemProxy;
			containerPortal = CC2A887029EB5AE000ABEB66 /* Project object */;
			proxyType = 1;
			remoteGlobalIDString = CC2A887729EB5AE000ABEB66;
			remoteInfo = "GitHub clone";
		};
/* End PBXContainerItemProxy section */

/* Begin PBXFileReference section */
		CC2A887829EB5AE000ABEB66 /* GitHub clone.app */ = {isa = PBXFileReference; explicitFileType = wrapper.application; includeInIndex = 0; path = "GitHub clone.app"; sourceTree = BUILT_PRODUCTS_DIR; };
		CC2A887B29EB5AE000ABEB66 /* GitHub_cloneApp.swift */ = {isa = PBXFileReference; lastKnownFileType = sourcecode.swift; path = GitHub_cloneApp.swift; sourceTree = "<group>"; };
		CC2A887D29EB5AE000ABEB66 /* ContentView.swift */ = {isa = PBXFileReference; lastKnownFileType = sourcecode.swift; path = ContentView.swift; sourceTree = "<group>"; };
		CC2A887F29EB5AE200ABEB66 /* Assets.xcassets */ = {isa = PBXFileReference; lastKnownFileType = folder.assetcatalog; path = Assets.xcassets; sourceTree = "<group>"; };
		CC2A888229EB5AE200ABEB66 /* Preview Assets.xcassets */ = {isa = PBXFileReference; lastKnownFileType = folder.assetcatalog; path = "Preview Assets.xcassets"; sourceTree = "<group>"; };
		CC2A888829EB5AE200ABEB66 /* GitHub cloneTests.xctest */ = {isa = PBXFileReference; explicitFileType = wrapper.cfbundle; includeInIndex = 0; path = "GitHub cloneTests.xctest"; sourceTree = BUILT_PRODUCTS_DIR; };
		CC2A888C29EB5AE200ABEB66 /* GitHub_cloneTests.swift */ = {isa = PBXFileReference; lastKnownFileType = sourcecode.swift; path = GitHub_cloneTests.swift; sourceTree = "<group>"; };
		CC2A889229EB5AE200ABEB66 /* GitHub cloneUITests.xctest */ = {isa = PBXFileReference; explicitFileType = wrapper.cfbundle; includeInIndex = 0; path = "GitHub cloneUITests.xctest"; sourceTree = BUILT_PRODUCTS_DIR; };
		CC2A889629EB5AE200ABEB66 /* GitHub_cloneUITests.swift */ = {isa = PBXFileReference; lastKnownFileType = sourcecode.swift; path = GitHub_cloneUITests.swift; sourceTree = "<group>"; };
		CC2A889829EB5AE200ABEB66 /* GitHub_cloneUITestsLaunchTests.swift */ = {isa = PBXFileReference; lastKnownFileType = sourcecode.swift; path = GitHub_cloneUITestsLaunchTests.swift; sourceTree = "<group>"; };
/* End PBXFileReference section */

/* Begin PBXFrameworksBuildPhase section */
		CC2A887529EB5AE000ABEB66 /* Frameworks */ = {
			isa = PBXFrameworksBuildPhase;
			buildActionMask = 2147483647;
			files = (
			);
			runOnlyForDeploymentPostprocessing = 0;
		};
		CC2A888529EB5AE200ABEB66 /* Frameworks */ = {
			isa = PBXFrameworksBuildPhase;
			buildActionMask = 2147483647;
			files = (
			);
			runOnlyForDeploymentPostprocessing = 0;
		};
		CC2A888F29EB5AE200ABEB66 /* Frameworks */ = {
			isa = PBXFrameworksBuildPhase;
			buildActionMask = 2147483647;
			files = (
			);
			runOnlyForDeploymentPostprocessing = 0;
		};
/* End PBXFrameworksBuildPhase section */

/* Begin PBXGroup section */
		CC2A886F29EB5AE000ABEB66 = {
			isa = PBXGroup;
			children = (
				CC2A887A29EB5AE000ABEB66 /* GitHub clone */,
				CC2A888B29EB5AE200ABEB66 /* GitHub cloneTests */,
				CC2A889529EB5AE200ABEB66 /* GitHub cloneUITests */,
				CC2A887929EB5AE000ABEB66 /* Products */,
			);
			sourceTree = "<group>";
		};
		CC2A887929EB5AE000ABEB66 /* Products */ = {
			isa = PBXGroup;
			children = (
				CC2A887829EB5AE000ABEB66 /* GitHub clone.app */,
				CC2A888829EB5AE200ABEB66 /* GitHub cloneTests.xctest */,
				CC2A889229EB5AE200ABEB66 /* GitHub cloneUITests.xctest */,
			);
			name = Products;
			sourceTree = "<group>";
		};
		CC2A887A29EB5AE000ABEB66 /* GitHub clone */ = {
			isa = PBXGroup;
			children = (
				CC2A887B29EB5AE000ABEB66 /* GitHub_cloneApp.swift */,
				CC2A887D29EB5AE000ABEB66 /* ContentView.swift */,
				CC2A887F29EB5AE200ABEB66 /* Assets.xcassets */,
				CC2A888129EB5AE200ABEB66 /* Preview Content */,
			);
			path = "GitHub clone";
			sourceTree = "<group>";
		};
		CC2A888129EB5AE200ABEB66 /* Preview Content */ = {
			isa = PBXGroup;
			children = (
				CC2A888229EB5AE200ABEB66 /* Preview Assets.xcassets */,
			);
			path = "Preview Content";
			sourceTree = "<group>";
		};
		CC2A888B29EB5AE200ABEB66 /* GitHub cloneTests */ = {
			isa = PBXGroup;
			children = (
				CC2A888C29EB5AE200ABEB66 /* GitHub_cloneTests.swift */,
			);
			path = "GitHub cloneTests";
			sourceTree = "<group>";
		};
		CC2A889529EB5AE200ABEB66 /* GitHub cloneUITests */ = {
			isa = PBXGroup;
			children = (
				CC2A889629EB5AE200ABEB66 /* GitHub_cloneUITests.swift */,
				CC2A889829EB5AE200ABEB66 /* GitHub_cloneUITestsLaunchTests.swift */,
			);
			path = "GitHub cloneUITests";
			sourceTree = "<group>";
		};
/* End PBXGroup section */

/* Begin PBXNativeTarget section */
		CC2A887729EB5AE000ABEB66 /* GitHub clone */ = {
			isa = PBXNativeTarget;
			buildConfigurationList = CC2A889C29EB5AE200ABEB66 /* Build configuration list for PBXNativeTarget "GitHub clone" */;
			buildPhases = (
				CC2A887429EB5AE000ABEB66 /* Sources */,
				CC2A887529EB5AE000ABEB66 /* Frameworks */,
				CC2A887629EB5AE000ABEB66 /* Resources */,
			);
			buildRules = (
			);
			dependencies = (
			);
			name = "GitHub clone";
			productName = "GitHub clone";
			productReference = CC2A887829EB5AE000ABEB66 /* GitHub clone.app */;
			productType = "com.apple.product-type.application";
		};
		CC2A888729EB5AE200ABEB66 /* GitHub cloneTests */ = {
			isa = PBXNativeTarget;
			buildConfigurationList = CC2A889F29EB5AE200ABEB66 /* Build configuration list for PBXNativeTarget "GitHub cloneTests" */;
			buildPhases = (
				CC2A888429EB5AE200ABEB66 /* Sources */,
				CC2A888529EB5AE200ABEB66 /* Frameworks */,
				CC2A888629EB5AE200ABEB66 /* Resources */,
			);
			buildRules = (
			);
			dependencies = (
				CC2A888A29EB5AE200ABEB66 /* PBXTargetDependency */,
			);
			name = "GitHub cloneTests";
			productName = "GitHub cloneTests";
			productReference = CC2A888829EB5AE200ABEB66 /* GitHub cloneTests.xctest */;
			productType = "com.apple.product-type.bundle.unit-test";
		};
		CC2A889129EB5AE200ABEB66 /* GitHub cloneUITests */ = {
			isa = PBXNativeTarget;
			buildConfigurationList = CC2A88A229EB5AE200ABEB66 /* Build configuration list for PBXNativeTarget "GitHub cloneUITests" */;
			buildPhases = (
				CC2A888E29EB5AE200ABEB66 /* Sources */,
				CC2A888F29EB5AE200ABEB66 /* Frameworks */,
				CC2A889029EB5AE200ABEB66 /* Resources */,
			);
			buildRules = (
			);
			dependencies = (
				CC2A889429EB5AE200ABEB66 /* PBXTargetDependency */,
			);
			name = "GitHub cloneUITests";
			productName = "GitHub cloneUITests";
			productReference = CC2A889229EB5AE200ABEB66 /* GitHub cloneUITests.xctest */;
			productType = "com.apple.product-type.bundle.ui-testing";
		};
/* End PBXNativeTarget section */

/* Begin PBXProject section */
		CC2A887029EB5AE000ABEB66 /* Project object */ = {
			isa = PBXProject;
			attributes = {
				BuildIndependentTargetsInParallel = 1;
				LastSwiftUpdateCheck = 1430;
				LastUpgradeCheck = 1430;
				TargetAttributes = {
					CC2A887729EB5AE000ABEB66 = {
						CreatedOnToolsVersion = 14.3;
					};
					CC2A888729EB5AE200ABEB66 = {
						CreatedOnToolsVersion = 14.3;
						TestTargetID = CC2A887729EB5AE000ABEB66;
					};
					CC2A889129EB5AE200ABEB66 = {
						CreatedOnToolsVersion = 14.3;
						TestTargetID = CC2A887729EB5AE000ABEB66;
					};
				};
			};
			buildConfigurationList = CC2A887329EB5AE000ABEB66 /* Build configuration list for PBXProject "GitHub clone" */;
			compatibilityVersion = "Xcode 14.0";
			developmentRegion = en;
			hasScannedForEncodings = 0;
			knownRegions = (
				en,
				Base,
			);
			mainGroup = CC2A886F29EB5AE000ABEB66;
			productRefGroup = CC2A887929EB5AE000ABEB66 /* Products */;
			projectDirPath = "";
			projectRoot = "";
			targets = (
				CC2A887729EB5AE000ABEB66 /* GitHub clone */,
				CC2A888729EB5AE200ABEB66 /* GitHub cloneTests */,
				CC2A889129EB5AE200ABEB66 /* GitHub cloneUITests */,
			);
		};
/* End PBXProject section */

/* Begin PBXResourcesBuildPhase section */
		CC2A887629EB5AE000ABEB66 /* Resources */ = {
			isa = PBXResourcesBuildPhase;
			buildActionMask = 2147483647;
			files = (
				CC2A888329EB5AE200ABEB66 /* Preview Assets.xcassets in Resources */,
				CC2A888029EB5AE200ABEB66 /* Assets.xcassets in Resources */,
			);
			runOnlyForDeploymentPostprocessing = 0;
		};
		CC2A888629EB5AE200ABEB66 /* Resources */ = {
			isa = PBXResourcesBuildPhase;
			buildActionMask = 2147483647;
			files = (
			);
			runOnlyForDeploymentPostprocessing = 0;
		};
		CC2A889029EB5AE200ABEB66 /* Resources */ = {
			isa = PBXResourcesBuildPhase;
			buildActionMask = 2147483647;
			files = (
			);
			runOnlyForDeploymentPostprocessing = 0;
		};
/* End PBXResourcesBuildPhase section */

/* Begin PBXSourcesBuildPhase section */
		CC2A887429EB5AE000ABEB66 /* Sources */ = {
			isa = PBXSourcesBuildPhase;
			buildActionMask = 2147483647;
			files = (
				CC2A887E29EB5AE000ABEB66 /* ContentView.swift in Sources */,
				CC2A887C29EB5AE000ABEB66 /* GitHub_cloneApp.swift in Sources */,
			);
			runOnlyForDeploymentPostprocessing = 0;
		};
		CC2A888429EB5AE200ABEB66 /* Sources */ = {
			isa = PBXSourcesBuildPhase;
			buildActionMask = 2147483647;
			files = (
				CC2A888D29EB5AE200ABEB66 /* GitHub_cloneTests.swift in Sources */,
			);
			runOnlyForDeploymentPostprocessing = 0;
		};
		CC2A888E29EB5AE200ABEB66 /* Sources */ = {
			isa = PBXSourcesBuildPhase;
			buildActionMask = 2147483647;
			files = (
				CC2A889729EB5AE200ABEB66 /* GitHub_cloneUITests.swift in Sources */,
				CC2A889929EB5AE200ABEB66 /* GitHub_cloneUITestsLaunchTests.swift in Sources */,
			);
			runOnlyForDeploymentPostprocessing = 0;
		};
/* End PBXSourcesBuildPhase section */

/* Begin PBXTargetDependency section */
		CC2A888A29EB5AE200ABEB66 /* PBXTargetDependency */ = {
			isa = PBXTargetDependency;
			target = CC2A887729EB5AE000ABEB66 /* GitHub clone */;
			targetProxy = CC2A888929EB5AE200ABEB66 /* PBXContainerItemProxy */;
		};
		CC2A889429EB5AE200ABEB66 /* PBXTargetDependency */ = {
			isa = PBXTargetDependency;
			target = CC2A887729EB5AE000ABEB66 /* GitHub clone */;
			targetProxy = CC2A889329EB5AE200ABEB66 /* PBXContainerItemProxy */;
		};
/* End PBXTargetDependency section */

/* Begin XCBuildConfiguration section */
		CC2A889A29EB5AE200ABEB66 /* Debug */ = {
			isa = XCBuildConfiguration;
			buildSettings = {
				ALWAYS_SEARCH_USER_PATHS = NO;
				CLANG_ANALYZER_NONNULL = YES;
				CLANG_ANALYZER_NUMBER_OBJECT_CONVERSION = YES_AGGRESSIVE;
				CLANG_CXX_LANGUAGE_STANDARD = "gnu++20";
				CLANG_ENABLE_MODULES = YES;
				CLANG_ENABLE_OBJC_ARC = YES;
				CLANG_ENABLE_OBJC_WEAK = YES;
				CLANG_WARN_BLOCK_CAPTURE_AUTORELEASING = YES;
				CLANG_WARN_BOOL_CONVERSION = YES;
				CLANG_WARN_COMMA = YES;
				CLANG_WARN_CONSTANT_CONVERSION = YES;
				CLANG_WARN_DEPRECATED_OBJC_IMPLEMENTATIONS = YES;
				CLANG_WARN_DIRECT_OBJC_ISA_USAGE = YES_ERROR;
				CLANG_WARN_DOCUMENTATION_COMMENTS = YES;
				CLANG_WARN_EMPTY_BODY = YES;
				CLANG_WARN_ENUM_CONVERSION = YES;
				CLANG_WARN_INFINITE_RECURSION = YES;
				CLANG_WARN_INT_CONVERSION = YES;
				CLANG_WARN_NON_LITERAL_NULL_CONVERSION = YES;
				CLANG_WARN_OBJC_IMPLICIT_RETAIN_SELF = YES;
				CLANG_WARN_OBJC_LITERAL_CONVERSION = YES;
				CLANG_WARN_OBJC_ROOT_CLASS = YES_ERROR;
				CLANG_WARN_QUOTED_INCLUDE_IN_FRAMEWORK_HEADER = YES;
				CLANG_WARN_RANGE_LOOP_ANALYSIS = YES;
				CLANG_WARN_STRICT_PROTOTYPES = YES;
				CLANG_WARN_SUSPICIOUS_MOVE = YES;
				CLANG_WARN_UNGUARDED_AVAILABILITY = YES_AGGRESSIVE;
				CLANG_WARN_UNREACHABLE_CODE = YES;
				CLANG_WARN__DUPLICATE_METHOD_MATCH = YES;
				COPY_PHASE_STRIP = NO;
				DEBUG_INFORMATION_FORMAT = dwarf;
				ENABLE_STRICT_OBJC_MSGSEND = YES;
				ENABLE_TESTABILITY = YES;
				GCC_C_LANGUAGE_STANDARD = gnu11;
				GCC_DYNAMIC_NO_PIC = NO;
				GCC_NO_COMMON_BLOCKS = YES;
				GCC_OPTIMIZATION_LEVEL = 0;
				GCC_PREPROCESSOR_DEFINITIONS = (
					"DEBUG=1",
					"$(inherited)",
				);
				GCC_WARN_64_TO_32_BIT_CONVERSION = YES;
				GCC_WARN_ABOUT_RETURN_TYPE = YES_ERROR;
				GCC_WARN_UNDECLARED_SELECTOR = YES;
				GCC_WARN_UNINITIALIZED_AUTOS = YES_AGGRESSIVE;
				GCC_WARN_UNUSED_FUNCTION = YES;
				GCC_WARN_UNUSED_VARIABLE = YES;
				IPHONEOS_DEPLOYMENT_TARGET = 16.4;
				MTL_ENABLE_DEBUG_INFO = INCLUDE_SOURCE;
				MTL_FAST_MATH = YES;
				ONLY_ACTIVE_ARCH = YES;
				SDKROOT = iphoneos;
				SWIFT_ACTIVE_COMPILATION_CONDITIONS = DEBUG;
				SWIFT_OPTIMIZATION_LEVEL = "-Onone";
			};
			name = Debug;
		};
		CC2A889B29EB5AE200ABEB66 /* Release */ = {
			isa = XCBuildConfiguration;
			buildSettings = {
				ALWAYS_SEARCH_USER_PATHS = NO;
				CLANG_ANALYZER_NONNULL = YES;
				CLANG_ANALYZER_NUMBER_OBJECT_CONVERSION = YES_AGGRESSIVE;
				CLANG_CXX_LANGUAGE_STANDARD = "gnu++20";
				CLANG_ENABLE_MODULES = YES;
				CLANG_ENABLE_OBJC_ARC = YES;
				CLANG_ENABLE_OBJC_WEAK = YES;
				CLANG_WARN_BLOCK_CAPTURE_AUTORELEASING = YES;
				CLANG_WARN_BOOL_CONVERSION = YES;
				CLANG_WARN_COMMA = YES;
				CLANG_WARN_CONSTANT_CONVERSION = YES;
				CLANG_WARN_DEPRECATED_OBJC_IMPLEMENTATIONS = YES;
				CLANG_WARN_DIRECT_OBJC_ISA_USAGE = YES_ERROR;
				CLANG_WARN_DOCUMENTATION_COMMENTS = YES;
				CLANG_WARN_EMPTY_BODY = YES;
				CLANG_WARN_ENUM_CONVERSION = YES;
				CLANG_WARN_INFINITE_RECURSION = YES;
				CLANG_WARN_INT_CONVERSION = YES;
				CLANG_WARN_NON_LITERAL_NULL_CONVERSION = YES;
				CLANG_WARN_OBJC_IMPLICIT_RETAIN_SELF = YES;
				CLANG_WARN_OBJC_LITERAL_CONVERSION = YES;
				CLANG_WARN_OBJC_ROOT_CLASS = YES_ERROR;
				CLANG_WARN_QUOTED_INCLUDE_IN_FRAMEWORK_HEADER = YES;
				CLANG_WARN_RANGE_LOOP_ANALYSIS = YES;
				CLANG_WARN_STRICT_PROTOTYPES = YES;
				CLANG_WARN_SUSPICIOUS_MOVE = YES;
				CLANG_WARN_UNGUARDED_AVAILABILITY = YES_AGGRESSIVE;
				CLANG_WARN_UNREACHABLE_CODE = YES;
				CLANG_WARN__DUPLICATE_METHOD_MATCH = YES;
				COPY_PHASE_STRIP = NO;
				DEBUG_INFORMATION_FORMAT = "dwarf-with-dsym";
				ENABLE_NS_ASSERTIONS = NO;
				ENABLE_STRICT_OBJC_MSGSEND = YES;
				GCC_C_LANGUAGE_STANDARD = gnu11;
				GCC_NO_COMMON_BLOCKS = YES;
				GCC_WARN_64_TO_32_BIT_CONVERSION = YES;
				GCC_WARN_ABOUT_RETURN_TYPE = YES_ERROR;
				GCC_WARN_UNDECLARED_SELECTOR = YES;
				GCC_WARN_UNINITIALIZED_AUTOS = YES_AGGRESSIVE;
				GCC_WARN_UNUSED_FUNCTION = YES;
				GCC_WARN_UNUSED_VARIABLE = YES;
				IPHONEOS_DEPLOYMENT_TARGET = 16.4;
				MTL_ENABLE_DEBUG_INFO = NO;
				MTL_FAST_MATH = YES;
				SDKROOT = iphoneos;
				SWIFT_COMPILATION_MODE = wholemodule;
				SWIFT_OPTIMIZATION_LEVEL = "-O";
				VALIDATE_PRODUCT = YES;
			};
			name = Release;
		};
		CC2A889D29EB5AE200ABEB66 /* Debug */ = {
			isa = XCBuildConfiguration;
			buildSettings = {
				ASSETCATALOG_COMPILER_APPICON_NAME = AppIcon;
				ASSETCATALOG_COMPILER_GLOBAL_ACCENT_COLOR_NAME = AccentColor;
				CODE_SIGN_STYLE = Automatic;
				CURRENT_PROJECT_VERSION = 1;
				DEVELOPMENT_ASSET_PATHS = "\"GitHub clone/Preview Content\"";
				ENABLE_PREVIEWS = YES;
				GENERATE_INFOPLIST_FILE = YES;
				INFOPLIST_KEY_UIApplicationSceneManifest_Generation = YES;
				INFOPLIST_KEY_UIApplicationSupportsIndirectInputEvents = YES;
				INFOPLIST_KEY_UILaunchScreen_Generation = YES;
				INFOPLIST_KEY_UISupportedInterfaceOrientations_iPad = "UIInterfaceOrientationPortrait UIInterfaceOrientationPortraitUpsideDown UIInterfaceOrientationLandscapeLeft UIInterfaceOrientationLandscapeRight";
				INFOPLIST_KEY_UISupportedInterfaceOrientations_iPhone = "UIInterfaceOrientationPortrait UIInterfaceOrientationLandscapeLeft UIInterfaceOrientationLandscapeRight";
				LD_RUNPATH_SEARCH_PATHS = (
					"$(inherited)",
					"@executable_path/Frameworks",
				);
				MARKETING_VERSION = 1.0;
				PRODUCT_BUNDLE_IDENTIFIER = "Personal.GitHub-clone";
				PRODUCT_NAME = "$(TARGET_NAME)";
				SWIFT_EMIT_LOC_STRINGS = YES;
				SWIFT_VERSION = 5.0;
				TARGETED_DEVICE_FAMILY = "1,2";
			};
			name = Debug;
		};
		CC2A889E29EB5AE200ABEB66 /* Release */ = {
			isa = XCBuildConfiguration;
			buildSettings = {
				ASSETCATALOG_COMPILER_APPICON_NAME = AppIcon;
				ASSETCATALOG_COMPILER_GLOBAL_ACCENT_COLOR_NAME = AccentColor;
				CODE_SIGN_STYLE = Automatic;
				CURRENT_PROJECT_VERSION = 1;
				DEVELOPMENT_ASSET_PATHS = "\"GitHub clone/Preview Content\"";
				ENABLE_PREVIEWS = YES;
				GENERATE_INFOPLIST_FILE = YES;
				INFOPLIST_KEY_UIApplicationSceneManifest_Generation = YES;
				INFOPLIST_KEY_UIApplicationSupportsIndirectInputEvents = YES;
				INFOPLIST_KEY_UILaunchScreen_Generation = YES;
				INFOPLIST_KEY_UISupportedInterfaceOrientations_iPad = "UIInterfaceOrientationPortrait UIInterfaceOrientationPortraitUpsideDown UIInterfaceOrientationLandscapeLeft UIInterfaceOrientationLandscapeRight";
				INFOPLIST_KEY_UISupportedInterfaceOrientations_iPhone = "UIInterfaceOrientationPortrait UIInterfaceOrientationLandscapeLeft UIInterfaceOrientationLandscapeRight";
				LD_RUNPATH_SEARCH_PATHS = (
					"$(inherited)",
					"@executable_path/Frameworks",
				);
				MARKETING_VERSION = 1.0;
				PRODUCT_BUNDLE_IDENTIFIER = "Personal.GitHub-clone";
				PRODUCT_NAME = "$(TARGET_NAME)";
				SWIFT_EMIT_LOC_STRINGS = YES;
				SWIFT_VERSION = 5.0;
				TARGETED_DEVICE_FAMILY = "1,2";
			};
			name = Release;
		};
		CC2A88A029EB5AE200ABEB66 /* Debug */ = {
			isa = XCBuildConfiguration;
			buildSettings = {
				ALWAYS_EMBED_SWIFT_STANDARD_LIBRARIES = YES;
				BUNDLE_LOADER = "$(TEST_HOST)";
				CODE_SIGN_STYLE = Automatic;
				CURRENT_PROJECT_VERSION = 1;
				GENERATE_INFOPLIST_FILE = YES;
				IPHONEOS_DEPLOYMENT_TARGET = 16.4;
				MARKETING_VERSION = 1.0;
				PRODUCT_BUNDLE_IDENTIFIER = "Personal.GitHub-cloneTests";
				PRODUCT_NAME = "$(TARGET_NAME)";
				SWIFT_EMIT_LOC_STRINGS = NO;
				SWIFT_VERSION = 5.0;
				TARGETED_DEVICE_FAMILY = "1,2";
				TEST_HOST = "$(BUILT_PRODUCTS_DIR)/GitHub clone.app/$(BUNDLE_EXECUTABLE_FOLDER_PATH)/GitHub clone";
			};
			name = Debug;
		};
		CC2A88A129EB5AE200ABEB66 /* Release */ = {
			isa = XCBuildConfiguration;
			buildSettings = {
				ALWAYS_EMBED_SWIFT_STANDARD_LIBRARIES = YES;
				BUNDLE_LOADER = "$(TEST_HOST)";
				CODE_SIGN_STYLE = Automatic;
				CURRENT_PROJECT_VERSION = 1;
				GENERATE_INFOPLIST_FILE = YES;
				IPHONEOS_DEPLOYMENT_TARGET = 16.4;
				MARKETING_VERSION = 1.0;
				PRODUCT_BUNDLE_IDENTIFIER = "Personal.GitHub-cloneTests";
				PRODUCT_NAME = "$(TARGET_NAME)";
				SWIFT_EMIT_LOC_STRINGS = NO;
				SWIFT_VERSION = 5.0;
				TARGETED_DEVICE_FAMILY = "1,2";
				TEST_HOST = "$(BUILT_PRODUCTS_DIR)/GitHub clone.app/$(BUNDLE_EXECUTABLE_FOLDER_PATH)/GitHub clone";
			};
			name = Release;
		};
		CC2A88A329EB5AE200ABEB66 /* Debug */ = {
			isa = XCBuildConfiguration;
			buildSettings = {
				ALWAYS_EMBED_SWIFT_STANDARD_LIBRARIES = YES;
				CODE_SIGN_STYLE = Automatic;
				CURRENT_PROJECT_VERSION = 1;
				GENERATE_INFOPLIST_FILE = YES;
				MARKETING_VERSION = 1.0;
				PRODUCT_BUNDLE_IDENTIFIER = "Personal.GitHub-cloneUITests";
				PRODUCT_NAME = "$(TARGET_NAME)";
				SWIFT_EMIT_LOC_STRINGS = NO;
				SWIFT_VERSION = 5.0;
				TARGETED_DEVICE_FAMILY = "1,2";
				TEST_TARGET_NAME = "GitHub clone";
			};
			name = Debug;
		};
		CC2A88A429EB5AE200ABEB66 /* Release */ = {
			isa = XCBuildConfiguration;
			buildSettings = {
				ALWAYS_EMBED_SWIFT_STANDARD_LIBRARIES = YES;
				CODE_SIGN_STYLE = Automatic;
				CURRENT_PROJECT_VERSION = 1;
				GENERATE_INFOPLIST_FILE = YES;
				MARKETING_VERSION = 1.0;
				PRODUCT_BUNDLE_IDENTIFIER = "Personal.GitHub-cloneUITests";
				PRODUCT_NAME = "$(TARGET_NAME)";
				SWIFT_EMIT_LOC_STRINGS = NO;
				SWIFT_VERSION = 5.0;
				TARGETED_DEVICE_FAMILY = "1,2";
				TEST_TARGET_NAME = "GitHub clone";
			};
			name = Release;
		};
/* End XCBuildConfiguration section */

/* Begin XCConfigurationList section */
		CC2A887329EB5AE000ABEB66 /* Build configuration list for PBXProject "GitHub clone" */ = {
			isa = XCConfigurationList;
			buildConfigurations = (
				CC2A889A29EB5AE200ABEB66 /* Debug */,
				CC2A889B29EB5AE200ABEB66 /* Release */,
			);
			defaultConfigurationIsVisible = 0;
			defaultConfigurationName = Release;
		};
		CC2A889C29EB5AE200ABEB66 /* Build configuration list for PBXNativeTarget "GitHub clone" */ = {
			isa = XCConfigurationList;
			buildConfigurations = (
				CC2A889D29EB5AE200ABEB66 /* Debug */,
				CC2A889E29EB5AE200ABEB66 /* Release */,
			);
			defaultConfigurationIsVisible = 0;
			defaultConfigurationName = Release;
		};
		CC2A889F29EB5AE200ABEB66 /* Build configuration list for PBXNativeTarget "GitHub cloneTests" */ = {
			isa = XCConfigurationList;
			buildConfigurations = (
				CC2A88A029EB5AE200ABEB66 /* Debug */,
				CC2A88A129EB5AE200ABEB66 /* Release */,
			);
			defaultConfigurationIsVisible = 0;
			defaultConfigurationName = Release;
		};
		CC2A88A229EB5AE200ABEB66 /* Build configuration list for PBXNativeTarget "GitHub cloneUITests" */ = {
			isa = XCConfigurationList;
			buildConfigurations = (
				CC2A88A329EB5AE200ABEB66 /* Debug */,
				CC2A88A429EB5AE200ABEB66 /* Release */,
			);
			defaultConfigurationIsVisible = 0;
			defaultConfigurationName = Release;
		};
/* End XCConfigurationList section */
	};
	rootObject = CC2A887029EB5AE000ABEB66 /* Project object */;
}
